
Microsoft Visual Studio Solution File, Format Version 9.00
# Visual Studio 2005
Project("{8BC9CEB8-8B4A-11D0-8D11-00A0C91BC942}") = "khr2", "khr2.vcproj", "{AEF75806-202A-417B-AE33-115D22933ABF}"
EndProject
Global
	GlobalSection(SolutionConfigurationPlatforms) = preSolution
		Debug|Win32 = Debug|Win32
		Release|Win32 = Release|Win32
	EndGlobalSection
	GlobalSection(ProjectConfigurationPlatforms) = postSolution
		{AEF75806-202A-417B-AE33-115D22933ABF}.Debug|Win32.ActiveCfg = Debug|Win32
		{AEF75806-202A-417B-AE33-115D22933ABF}.Debug|Win32.Build.0 = Debug|Win32
		{AEF75806-202A-417B-AE33-115D22933ABF}.Release|Win32.ActiveCfg = Release|Win32
		{AEF75806-202A-417B-AE33-115D22933ABF}.Release|Win32.Build.0 = Release|Win32
	EndGlobalSection
	GlobalSection(SolutionProperties) = preSolution
		HideSolutionNode = FALSE
	EndGlobalSection
EndGlobal
